# This file is automatically @generated by Cargo.
# It is not intended for manual editing.
version = 3

[[package]]
name = "flp-plugins"
version = "0.1.0"
dependencies = [
 "rust-strings",
]

[[package]]
name = "rust-strings"
version = "0.2.0"
source = "registry+https://github.com/rust-lang/crates.io-index"
checksum = "3a0698250b42f25f68be9a9510f9bbadc78ffb3387d94d9f5255a81d6bde5854"
